
Microsoft Visual Studio Solution File, Format Version 12.00
# Visual Studio Version 17
VisualStudioVersion = 17.11.35303.130
MinimumVisualStudioVersion = 10.0.40219.1
Project("{9A19103F-16F7-4668-BE54-9A1E7A4F7556}") = "contact-manager.Infrastructure", "contact-manager.Infrastructure\contact-manager.Infrastructure.csproj", "{9A834F5C-9DDB-4A1C-9980-CBAE966F61DF}"
EndProject
Project("{9A19103F-16F7-4668-BE54-9A1E7A4F7556}") = "contact-manager.App", "contact-manager.App\contact-manager.App.csproj", "{A37C1352-F281-422A-9582-A2ACEEF967F2}"
EndProject
Project("{FAE04EC0-301F-11D3-BF4B-00C04F79EFBC}") = "contact-manager.BusinessLogic", "contact-manager.BusinessLogic\contact-manager.BusinessLogic.csproj", "{28C3D3F0-2CA6-4FA6-A2D8-10CDD796F532}"
EndProject
Global
	GlobalSection(SolutionConfigurationPlatforms) = preSolution
		Debug|Any CPU = Debug|Any CPU
		Release|Any CPU = Release|Any CPU
	EndGlobalSection
	GlobalSection(ProjectConfigurationPlatforms) = postSolution
		{9A834F5C-9DDB-4A1C-9980-CBAE966F61DF}.Debug|Any CPU.ActiveCfg = Debug|Any CPU
		{9A834F5C-9DDB-4A1C-9980-CBAE966F61DF}.Debug|Any CPU.Build.0 = Debug|Any CPU
		{9A834F5C-9DDB-4A1C-9980-CBAE966F61DF}.Release|Any CPU.ActiveCfg = Release|Any CPU
		{9A834F5C-9DDB-4A1C-9980-CBAE966F61DF}.Release|Any CPU.Build.0 = Release|Any CPU
		{A37C1352-F281-422A-9582-A2ACEEF967F2}.Debug|Any CPU.ActiveCfg = Debug|Any CPU
		{A37C1352-F281-422A-9582-A2ACEEF967F2}.Debug|Any CPU.Build.0 = Debug|Any CPU
		{A37C1352-F281-422A-9582-A2ACEEF967F2}.Release|Any CPU.ActiveCfg = Release|Any CPU
		{A37C1352-F281-422A-9582-A2ACEEF967F2}.Release|Any CPU.Build.0 = Release|Any CPU
		{28C3D3F0-2CA6-4FA6-A2D8-10CDD796F532}.Debug|Any CPU.ActiveCfg = Debug|Any CPU
		{28C3D3F0-2CA6-4FA6-A2D8-10CDD796F532}.Debug|Any CPU.Build.0 = Debug|Any CPU
		{28C3D3F0-2CA6-4FA6-A2D8-10CDD796F532}.Release|Any CPU.ActiveCfg = Release|Any CPU
		{28C3D3F0-2CA6-4FA6-A2D8-10CDD796F532}.Release|Any CPU.Build.0 = Release|Any CPU
	EndGlobalSection
	GlobalSection(SolutionProperties) = preSolution
		HideSolutionNode = FALSE
	EndGlobalSection
	GlobalSection(ExtensibilityGlobals) = postSolution
		SolutionGuid = {6CCD444C-695B-4D33-80EA-BB3ED3B6326C}
	EndGlobalSection
EndGlobal
